// !$*UTF8*$!
{
	archiveVersion = 1;
	classes = {
	};
	objectVersion = 55;
	objects = {

/* Begin PBXBuildFile section */
		2DD23BFE28D0F68100D569BE /* main.cpp in Sources */ = {isa = PBXBuildFile; fileRef = 2DD23BFD28D0F68100D569BE /* main.cpp */; };
		2DD23C0628D0F6BB00D569BE /* MyVector.cpp in Sources */ = {isa = PBXBuildFile; fileRef = 2DD23C0428D0F6BB00D569BE /* MyVector.cpp */; };
		2DD23C0928D104AB00D569BE /* MyVec.cpp in Sources */ = {isa = PBXBuildFile; fileRef = 2DD23C0728D104AB00D569BE /* MyVec.cpp */; };
/* End PBXBuildFile section */

/* Begin PBXCopyFilesBuildPhase section */
		2DD23BF828D0F68100D569BE /* CopyFiles */ = {
			isa = PBXCopyFilesBuildPhase;
			buildActionMask = 2147483647;
			dstPath = /usr/share/man/man1/;
			dstSubfolderSpec = 0;
			files = (
			);
			runOnlyForDeploymentPostprocessing = 1;
		};
/* End PBXCopyFilesBuildPhase section */

/* Begin PBXFileReference section */
		2DD23BFA28D0F68100D569BE /* DiyVector */ = {isa = PBXFileReference; explicitFileType = "compiled.mach-o.executable"; includeInIndex = 0; path = DiyVector; sourceTree = BUILT_PRODUCTS_DIR; };
		2DD23BFD28D0F68100D569BE /* main.cpp */ = {isa = PBXFileReference; lastKnownFileType = sourcecode.cpp.cpp; path = main.cpp; sourceTree = "<group>"; };
		2DD23C0428D0F6BB00D569BE /* MyVector.cpp */ = {isa = PBXFileReference; lastKnownFileType = sourcecode.cpp.cpp; path = MyVector.cpp; sourceTree = "<group>"; };
		2DD23C0528D0F6BB00D569BE /* MyVector.hpp */ = {isa = PBXFileReference; lastKnownFileType = sourcecode.cpp.h; path = MyVector.hpp; sourceTree = "<group>"; };
		2DD23C0728D104AB00D569BE /* MyVec.cpp */ = {isa = PBXFileReference; lastKnownFileType = sourcecode.cpp.cpp; path = MyVec.cpp; sourceTree = SOURCE_ROOT; };
		2DD23C0828D104AB00D569BE /* MyVec.hpp */ = {isa = PBXFileReference; lastKnownFileType = sourcecode.cpp.h; path = MyVec.hpp; sourceTree = SOURCE_ROOT; };
/* End PBXFileReference section */

/* Begin PBXFrameworksBuildPhase section */
		2DD23BF728D0F68100D569BE /* Frameworks */ = {
			isa = PBXFrameworksBuildPhase;
			buildActionMask = 2147483647;
			files = (
			);
			runOnlyForDeploymentPostprocessing = 0;
		};
/* End PBXFrameworksBuildPhase section */

/* Begin PBXGroup section */
		2DD23BF128D0F68100D569BE = {
			isa = PBXGroup;
			children = (
				2DD23BFC28D0F68100D569BE /* DiyVector */,
				2DD23BFB28D0F68100D569BE /* Products */,
			);
			sourceTree = "<group>";
		};
		2DD23BFB28D0F68100D569BE /* Products */ = {
			isa = PBXGroup;
			children = (
				2DD23BFA28D0F68100D569BE /* DiyVector */,
			);
			name = Products;
			sourceTree = "<group>";
		};
		2DD23BFC28D0F68100D569BE /* DiyVector */ = {
			isa = PBXGroup;
			children = (
				2DD23C0728D104AB00D569BE /* MyVec.cpp */,
				2DD23C0828D104AB00D569BE /* MyVec.hpp */,
				2DD23BFD28D0F68100D569BE /* main.cpp */,
				2DD23C0428D0F6BB00D569BE /* MyVector.cpp */,
				2DD23C0528D0F6BB00D569BE /* MyVector.hpp */,
			);
			path = DiyVector;
			sourceTree = "<group>";
		};
/* End PBXGroup section */

/* Begin PBXNativeTarget section */
		2DD23BF928D0F68100D569BE /* DiyVector */ = {
			isa = PBXNativeTarget;
			buildConfigurationList = 2DD23C0128D0F68100D569BE /* Build configuration list for PBXNativeTarget "DiyVector" */;
			buildPhases = (
				2DD23BF628D0F68100D569BE /* Sources */,
				2DD23BF728D0F68100D569BE /* Frameworks */,
				2DD23BF828D0F68100D569BE /* CopyFiles */,
			);
			buildRules = (
			);
			dependencies = (
			);
			name = DiyVector;
			productName = DiyVector;
			productReference = 2DD23BFA28D0F68100D569BE /* DiyVector */;
			productType = "com.apple.product-type.tool";
		};
/* End PBXNativeTarget section */

/* Begin PBXProject section */
		2DD23BF228D0F68100D569BE /* Project object */ = {
			isa = PBXProject;
			attributes = {
				BuildIndependentTargetsInParallel = 1;
				LastUpgradeCheck = 1340;
				TargetAttributes = {
					2DD23BF928D0F68100D569BE = {
						CreatedOnToolsVersion = 13.4.1;
					};
				};
			};
			buildConfigurationList = 2DD23BF528D0F68100D569BE /* Build configuration list for PBXProject "DiyVector" */;
			compatibilityVersion = "Xcode 13.0";
			developmentRegion = en;
			hasScannedForEncodings = 0;
			knownRegions = (
				en,
				Base,
			);
			mainGroup = 2DD23BF128D0F68100D569BE;
			productRefGroup = 2DD23BFB28D0F68100D569BE /* Products */;
			projectDirPath = "";
			projectRoot = "";
			targets = (
				2DD23BF928D0F68100D569BE /* DiyVector */,
			);
		};
/* End PBXProject section */

/* Begin PBXSourcesBuildPhase section */
		2DD23BF628D0F68100D569BE /* Sources */ = {
			isa = PBXSourcesBuildPhase;
			buildActionMask = 2147483647;
			files = (
				2DD23C0928D104AB00D569BE /* MyVec.cpp in Sources */,
				2DD23C0628D0F6BB00D569BE /* MyVector.cpp in Sources */,
				2DD23BFE28D0F68100D569BE /* main.cpp in Sources */,
			);
			runOnlyForDeploymentPostprocessing = 0;
		};
/* End PBXSourcesBuildPhase section */

/* Begin XCBuildConfiguration section */
		2DD23BFF28D0F68100D569BE /* Debug */ = {
			isa = XCBuildConfiguration;
			buildSettings = {
				ALWAYS_SEARCH_USER_PATHS = NO;
				CLANG_ANALYZER_NONNULL = YES;
				CLANG_ANALYZER_NUMBER_OBJECT_CONVERSION = YES_AGGRESSIVE;
				CLANG_CXX_LANGUAGE_STANDARD = "gnu++17";
				CLANG_ENABLE_MODULES = YES;
				CLANG_ENABLE_OBJC_ARC = YES;
				CLANG_ENABLE_OBJC_WEAK = YES;
				CLANG_WARN_BLOCK_CAPTURE_AUTORELEASING = YES;
				CLANG_WARN_BOOL_CONVERSION = YES;
				CLANG_WARN_COMMA = YES;
				CLANG_WARN_CONSTANT_CONVERSION = YES;
				CLANG_WARN_DEPRECATED_OBJC_IMPLEMENTATIONS = YES;
				CLANG_WARN_DIRECT_OBJC_ISA_USAGE = YES_ERROR;
				CLANG_WARN_DOCUMENTATION_COMMENTS = YES;
				CLANG_WARN_EMPTY_BODY = YES;
				CLANG_WARN_ENUM_CONVERSION = YES;
				CLANG_WARN_INFINITE_RECURSION = YES;
				CLANG_WARN_INT_CONVERSION = YES;
				CLANG_WARN_NON_LITERAL_NULL_CONVERSION = YES;
				CLANG_WARN_OBJC_IMPLICIT_RETAIN_SELF = YES;
				CLANG_WARN_OBJC_LITERAL_CONVERSION = YES;
				CLANG_WARN_OBJC_ROOT_CLASS = YES_ERROR;
				CLANG_WARN_QUOTED_INCLUDE_IN_FRAMEWORK_HEADER = YES;
				CLANG_WARN_RANGE_LOOP_ANALYSIS = YES;
				CLANG_WARN_STRICT_PROTOTYPES = YES;
				CLANG_WARN_SUSPICIOUS_MOVE = YES;
				CLANG_WARN_UNGUARDED_AVAILABILITY = YES_AGGRESSIVE;
				CLANG_WARN_UNREACHABLE_CODE = YES;
				CLANG_WARN__DUPLICATE_METHOD_MATCH = YES;
				COPY_PHASE_STRIP = NO;
				DEBUG_INFORMATION_FORMAT = dwarf;
				ENABLE_STRICT_OBJC_MSGSEND = YES;
				ENABLE_TESTABILITY = YES;
				GCC_C_LANGUAGE_STANDARD = gnu11;
				GCC_DYNAMIC_NO_PIC = NO;
				GCC_NO_COMMON_BLOCKS = YES;
				GCC_OPTIMIZATION_LEVEL = 0;
				GCC_PREPROCESSOR_DEFINITIONS = (
					"DEBUG=1",
					"$(inherited)",
				);
				GCC_WARN_64_TO_32_BIT_CONVERSION = YES;
				GCC_WARN_ABOUT_RETURN_TYPE = YES_ERROR;
				GCC_WARN_UNDECLARED_SELECTOR = YES;
				GCC_WARN_UNINITIALIZED_AUTOS = YES_AGGRESSIVE;
				GCC_WARN_UNUSED_FUNCTION = YES;
				GCC_WARN_UNUSED_VARIABLE = YES;
				MACOSX_DEPLOYMENT_TARGET = 12.3;
				MTL_ENABLE_DEBUG_INFO = INCLUDE_SOURCE;
				MTL_FAST_MATH = YES;
				ONLY_ACTIVE_ARCH = YES;
				SDKROOT = macosx;
			};
			name = Debug;
		};
		2DD23C0028D0F68100D569BE /* Release */ = {
			isa = XCBuildConfiguration;
			buildSettings = {
				ALWAYS_SEARCH_USER_PATHS = NO;
				CLANG_ANALYZER_NONNULL = YES;
				CLANG_ANALYZER_NUMBER_OBJECT_CONVERSION = YES_AGGRESSIVE;
				CLANG_CXX_LANGUAGE_STANDARD = "gnu++17";
				CLANG_ENABLE_MODULES = YES;
				CLANG_ENABLE_OBJC_ARC = YES;
				CLANG_ENABLE_OBJC_WEAK = YES;
				CLANG_WARN_BLOCK_CAPTURE_AUTORELEASING = YES;
				CLANG_WARN_BOOL_CONVERSION = YES;
				CLANG_WARN_COMMA = YES;
				CLANG_WARN_CONSTANT_CONVERSION = YES;
				CLANG_WARN_DEPRECATED_OBJC_IMPLEMENTATIONS = YES;
				CLANG_WARN_DIRECT_OBJC_ISA_USAGE = YES_ERROR;
				CLANG_WARN_DOCUMENTATION_COMMENTS = YES;
				CLANG_WARN_EMPTY_BODY = YES;
				CLANG_WARN_ENUM_CONVERSION = YES;
				CLANG_WARN_INFINITE_RECURSION = YES;
				CLANG_WARN_INT_CONVERSION = YES;
				CLANG_WARN_NON_LITERAL_NULL_CONVERSION = YES;
				CLANG_WARN_OBJC_IMPLICIT_RETAIN_SELF = YES;
				CLANG_WARN_OBJC_LITERAL_CONVERSION = YES;
				CLANG_WARN_OBJC_ROOT_CLASS = YES_ERROR;
				CLANG_WARN_QUOTED_INCLUDE_IN_FRAMEWORK_HEADER = YES;
				CLANG_WARN_RANGE_LOOP_ANALYSIS = YES;
				CLANG_WARN_STRICT_PROTOTYPES = YES;
				CLANG_WARN_SUSPICIOUS_MOVE = YES;
				CLANG_WARN_UNGUARDED_AVAILABILITY = YES_AGGRESSIVE;
				CLANG_WARN_UNREACHABLE_CODE = YES;
				CLANG_WARN__DUPLICATE_METHOD_MATCH = YES;
				COPY_PHASE_STRIP = NO;
				DEBUG_INFORMATION_FORMAT = "dwarf-with-dsym";
				ENABLE_NS_ASSERTIONS = NO;
				ENABLE_STRICT_OBJC_MSGSEND = YES;
				GCC_C_LANGUAGE_STANDARD = gnu11;
				GCC_NO_COMMON_BLOCKS = YES;
				GCC_WARN_64_TO_32_BIT_CONVERSION = YES;
				GCC_WARN_ABOUT_RETURN_TYPE = YES_ERROR;
				GCC_WARN_UNDECLARED_SELECTOR = YES;
				GCC_WARN_UNINITIALIZED_AUTOS = YES_AGGRESSIVE;
				GCC_WARN_UNUSED_FUNCTION = YES;
				GCC_WARN_UNUSED_VARIABLE = YES;
				MACOSX_DEPLOYMENT_TARGET = 12.3;
				MTL_ENABLE_DEBUG_INFO = NO;
				MTL_FAST_MATH = YES;
				SDKROOT = macosx;
			};
			name = Release;
		};
		2DD23C0228D0F68100D569BE /* Debug */ = {
			isa = XCBuildConfiguration;
			buildSettings = {
				CODE_SIGN_STYLE = Automatic;
				PRODUCT_NAME = "$(TARGET_NAME)";
			};
			name = Debug;
		};
		2DD23C0328D0F68100D569BE /* Release */ = {
			isa = XCBuildConfiguration;
			buildSettings = {
				CODE_SIGN_STYLE = Automatic;
				PRODUCT_NAME = "$(TARGET_NAME)";
			};
			name = Release;
		};
/* End XCBuildConfiguration section */

/* Begin XCConfigurationList section */
		2DD23BF528D0F68100D569BE /* Build configuration list for PBXProject "DiyVector" */ = {
			isa = XCConfigurationList;
			buildConfigurations = (
				2DD23BFF28D0F68100D569BE /* Debug */,
				2DD23C0028D0F68100D569BE /* Release */,
			);
			defaultConfigurationIsVisible = 0;
			defaultConfigurationName = Release;
		};
		2DD23C0128D0F68100D569BE /* Build configuration list for PBXNativeTarget "DiyVector" */ = {
			isa = XCConfigurationList;
			buildConfigurations = (
				2DD23C0228D0F68100D569BE /* Debug */,
				2DD23C0328D0F68100D569BE /* Release */,
			);
			defaultConfigurationIsVisible = 0;
			defaultConfigurationName = Release;
		};
/* End XCConfigurationList section */
	};
	rootObject = 2DD23BF228D0F68100D569BE /* Project object */;
}
